
Microsoft Visual Studio Solution File, Format Version 12.00
# Visual Studio Version 16
VisualStudioVersion = 16.0.29728.190
MinimumVisualStudioVersion = 10.0.40219.1
Project("{FAE04EC0-301F-11D3-BF4B-00C04F79EFBC}") = "ConsoleUI", "ConsoleUI\ConsoleUI.csproj", "{E6C7401A-9D20-4637-ABF7-17AFC9610079}"
EndProject
Global
	GlobalSection(SolutionConfigurationPlatforms) = preSolution
		Debug|Any CPU = Debug|Any CPU
		Release|Any CPU = Release|Any CPU
	EndGlobalSection
	GlobalSection(ProjectConfigurationPlatforms) = postSolution
		{E6C7401A-9D20-4637-ABF7-17AFC9610079}.Debug|Any CPU.ActiveCfg = Debug|Any CPU
		{E6C7401A-9D20-4637-ABF7-17AFC9610079}.Debug|Any CPU.Build.0 = Debug|Any CPU
		{E6C7401A-9D20-4637-ABF7-17AFC9610079}.Release|Any CPU.ActiveCfg = Release|Any CPU
		{E6C7401A-9D20-4637-ABF7-17AFC9610079}.Release|Any CPU.Build.0 = Release|Any CPU
	EndGlobalSection
	GlobalSection(SolutionProperties) = preSolution
		HideSolutionNode = FALSE
	EndGlobalSection
	GlobalSection(ExtensibilityGlobals) = postSolution
		SolutionGuid = {8321A736-5F22-4F9A-B16B-5EE5A730C19F}
	EndGlobalSection
EndGlobal
